
Microsoft Visual Studio Solution File, Format Version 12.00
# Visual Studio Version 17
VisualStudioVersion = 17.9.34728.123
MinimumVisualStudioVersion = 10.0.40219.1
Project("{FAE04EC0-301F-11D3-BF4B-00C04F79EFBC}") = "Segunda_practica_general_ caso_1", "Segunda_practica_general_ caso_1\Segunda_practica_general_ caso_1.csproj", "{BDC93AAA-252B-4661-A3FA-EAB09E63DBA0}"
EndProject
Global
	GlobalSection(SolutionConfigurationPlatforms) = preSolution
		Debug|Any CPU = Debug|Any CPU
		Release|Any CPU = Release|Any CPU
	EndGlobalSection
	GlobalSection(ProjectConfigurationPlatforms) = postSolution
		{BDC93AAA-252B-4661-A3FA-EAB09E63DBA0}.Debug|Any CPU.ActiveCfg = Debug|Any CPU
		{BDC93AAA-252B-4661-A3FA-EAB09E63DBA0}.Debug|Any CPU.Build.0 = Debug|Any CPU
		{BDC93AAA-252B-4661-A3FA-EAB09E63DBA0}.Release|Any CPU.ActiveCfg = Release|Any CPU
		{BDC93AAA-252B-4661-A3FA-EAB09E63DBA0}.Release|Any CPU.Build.0 = Release|Any CPU
	EndGlobalSection
	GlobalSection(SolutionProperties) = preSolution
		HideSolutionNode = FALSE
	EndGlobalSection
	GlobalSection(ExtensibilityGlobals) = postSolution
		SolutionGuid = {F11ABA8D-7299-4E89-9F79-7399B24B7E26}
	EndGlobalSection
EndGlobal
